
Microsoft Visual Studio Solution File, Format Version 12.00
# Visual Studio Version 17
VisualStudioVersion = 17.4.33205.214
MinimumVisualStudioVersion = 10.0.40219.1
Project("{FAE04EC0-301F-11D3-BF4B-00C04F79EFBC}") = "ivan", "ivan\ivan.csproj", "{F3134005-52E2-4CCA-A07E-E56A1D573858}"
EndProject
Global
	GlobalSection(SolutionConfigurationPlatforms) = preSolution
		Debug|Any CPU = Debug|Any CPU
		Release|Any CPU = Release|Any CPU
	EndGlobalSection
	GlobalSection(ProjectConfigurationPlatforms) = postSolution
		{F3134005-52E2-4CCA-A07E-E56A1D573858}.Debug|Any CPU.ActiveCfg = Debug|Any CPU
		{F3134005-52E2-4CCA-A07E-E56A1D573858}.Debug|Any CPU.Build.0 = Debug|Any CPU
		{F3134005-52E2-4CCA-A07E-E56A1D573858}.Release|Any CPU.ActiveCfg = Release|Any CPU
		{F3134005-52E2-4CCA-A07E-E56A1D573858}.Release|Any CPU.Build.0 = Release|Any CPU
	EndGlobalSection
	GlobalSection(SolutionProperties) = preSolution
		HideSolutionNode = FALSE
	EndGlobalSection
	GlobalSection(ExtensibilityGlobals) = postSolution
		SolutionGuid = {7FA22557-F7EB-40B2-A425-B975EDC1EFB9}
	EndGlobalSection
EndGlobal
